// !$*UTF8*$!
{
	archiveVersion = 1;
	classes = {
	};
	objectVersion = 48;
	objects = {

/* Begin PBXBuildFile section */
		6A388B021FE21D86006BA989 /* AppDelegate.swift in Sources */ = {isa = PBXBuildFile; fileRef = 6A388B011FE21D86006BA989 /* AppDelegate.swift */; };
		6A388B041FE21D86006BA989 /* CryptoTableViewController.swift in Sources */ = {isa = PBXBuildFile; fileRef = 6A388B031FE21D86006BA989 /* CryptoTableViewController.swift */; };
		6A388B071FE21D86006BA989 /* Main.storyboard in Resources */ = {isa = PBXBuildFile; fileRef = 6A388B051FE21D86006BA989 /* Main.storyboard */; };
		6A388B091FE21D86006BA989 /* Assets.xcassets in Resources */ = {isa = PBXBuildFile; fileRef = 6A388B081FE21D86006BA989 /* Assets.xcassets */; };
		6A388B0C1FE21D86006BA989 /* LaunchScreen.storyboard in Resources */ = {isa = PBXBuildFile; fileRef = 6A388B0A1FE21D86006BA989 /* LaunchScreen.storyboard */; };
		6A388B141FE2E832006BA989 /* CryptoTableViewCell.swift in Sources */ = {isa = PBXBuildFile; fileRef = 6A388B131FE2E832006BA989 /* CryptoTableViewCell.swift */; };
		6A388B161FE2E8A6006BA989 /* CurrencyType.swift in Sources */ = {isa = PBXBuildFile; fileRef = 6A388B151FE2E8A6006BA989 /* CurrencyType.swift */; };
/* End PBXBuildFile section */

/* Begin PBXFileReference section */
		6A388AFE1FE21D86006BA989 /* CryptoTracker.app */ = {isa = PBXFileReference; explicitFileType = wrapper.application; includeInIndex = 0; path = CryptoTracker.app; sourceTree = BUILT_PRODUCTS_DIR; };
		6A388B011FE21D86006BA989 /* AppDelegate.swift */ = {isa = PBXFileReference; lastKnownFileType = sourcecode.swift; path = AppDelegate.swift; sourceTree = "<group>"; };
		6A388B031FE21D86006BA989 /* CryptoTableViewController.swift */ = {isa = PBXFileReference; lastKnownFileType = sourcecode.swift; path = CryptoTableViewController.swift; sourceTree = "<group>"; };
		6A388B061FE21D86006BA989 /* Base */ = {isa = PBXFileReference; lastKnownFileType = file.storyboard; name = Base; path = Base.lproj/Main.storyboard; sourceTree = "<group>"; };
		6A388B081FE21D86006BA989 /* Assets.xcassets */ = {isa = PBXFileReference; lastKnownFileType = folder.assetcatalog; path = Assets.xcassets; sourceTree = "<group>"; };
		6A388B0B1FE21D86006BA989 /* Base */ = {isa = PBXFileReference; lastKnownFileType = file.storyboard; name = Base; path = Base.lproj/LaunchScreen.storyboard; sourceTree = "<group>"; };
		6A388B0D1FE21D86006BA989 /* Info.plist */ = {isa = PBXFileReference; lastKnownFileType = text.plist.xml; path = Info.plist; sourceTree = "<group>"; };
		6A388B131FE2E832006BA989 /* CryptoTableViewCell.swift */ = {isa = PBXFileReference; lastKnownFileType = sourcecode.swift; path = CryptoTableViewCell.swift; sourceTree = "<group>"; };
		6A388B151FE2E8A6006BA989 /* CurrencyType.swift */ = {isa = PBXFileReference; lastKnownFileType = sourcecode.swift; path = CurrencyType.swift; sourceTree = "<group>"; };
/* End PBXFileReference section */

/* Begin PBXFrameworksBuildPhase section */
		6A388AFB1FE21D86006BA989 /* Frameworks */ = {
			isa = PBXFrameworksBuildPhase;
			buildActionMask = 2147483647;
			files = (
			);
			runOnlyForDeploymentPostprocessing = 0;
		};
/* End PBXFrameworksBuildPhase section */

/* Begin PBXGroup section */
		6A388AF51FE21D86006BA989 = {
			isa = PBXGroup;
			children = (
				6A388B001FE21D86006BA989 /* CryptoTracker */,
				6A388AFF1FE21D86006BA989 /* Products */,
			);
			sourceTree = "<group>";
		};
		6A388AFF1FE21D86006BA989 /* Products */ = {
			isa = PBXGroup;
			children = (
				6A388AFE1FE21D86006BA989 /* CryptoTracker.app */,
			);
			name = Products;
			sourceTree = "<group>";
		};
		6A388B001FE21D86006BA989 /* CryptoTracker */ = {
			isa = PBXGroup;
			children = (
				6A388B011FE21D86006BA989 /* AppDelegate.swift */,
				6A388B031FE21D86006BA989 /* CryptoTableViewController.swift */,
				6A388B131FE2E832006BA989 /* CryptoTableViewCell.swift */,
				6A388B151FE2E8A6006BA989 /* CurrencyType.swift */,
				6A388B051FE21D86006BA989 /* Main.storyboard */,
				6A388B081FE21D86006BA989 /* Assets.xcassets */,
				6A388B0A1FE21D86006BA989 /* LaunchScreen.storyboard */,
				6A388B0D1FE21D86006BA989 /* Info.plist */,
			);
			path = CryptoTracker;
			sourceTree = "<group>";
		};
/* End PBXGroup section */

/* Begin PBXNativeTarget section */
		6A388AFD1FE21D86006BA989 /* CryptoTracker */ = {
			isa = PBXNativeTarget;
			buildConfigurationList = 6A388B101FE21D86006BA989 /* Build configuration list for PBXNativeTarget "CryptoTracker" */;
			buildPhases = (
				6A388AFA1FE21D86006BA989 /* Sources */,
				6A388AFB1FE21D86006BA989 /* Frameworks */,
				6A388AFC1FE21D86006BA989 /* Resources */,
			);
			buildRules = (
			);
			dependencies = (
			);
			name = CryptoTracker;
			productName = CryptoTracker2;
			productReference = 6A388AFE1FE21D86006BA989 /* CryptoTracker.app */;
			productType = "com.apple.product-type.application";
		};
/* End PBXNativeTarget section */

/* Begin PBXProject section */
		6A388AF61FE21D86006BA989 /* Project object */ = {
			isa = PBXProject;
			attributes = {
				LastSwiftUpdateCheck = 0920;
				LastUpgradeCheck = 0920;
				ORGANIZATIONNAME = "Maxwell Stein";
				TargetAttributes = {
					6A388AFD1FE21D86006BA989 = {
						CreatedOnToolsVersion = 9.2;
						ProvisioningStyle = Automatic;
					};
				};
			};
			buildConfigurationList = 6A388AF91FE21D86006BA989 /* Build configuration list for PBXProject "CryptoTracker" */;
			compatibilityVersion = "Xcode 8.0";
			developmentRegion = en;
			hasScannedForEncodings = 0;
			knownRegions = (
				en,
				Base,
			);
			mainGroup = 6A388AF51FE21D86006BA989;
			productRefGroup = 6A388AFF1FE21D86006BA989 /* Products */;
			projectDirPath = "";
			projectRoot = "";
			targets = (
				6A388AFD1FE21D86006BA989 /* CryptoTracker */,
			);
		};
/* End PBXProject section */

/* Begin PBXResourcesBuildPhase section */
		6A388AFC1FE21D86006BA989 /* Resources */ = {
			isa = PBXResourcesBuildPhase;
			buildActionMask = 2147483647;
			files = (
				6A388B0C1FE21D86006BA989 /* LaunchScreen.storyboard in Resources */,
				6A388B091FE21D86006BA989 /* Assets.xcassets in Resources */,
				6A388B071FE21D86006BA989 /* Main.storyboard in Resources */,
			);
			runOnlyForDeploymentPostprocessing = 0;
		};
/* End PBXResourcesBuildPhase section */

/* Begin PBXSourcesBuildPhase section */
		6A388AFA1FE21D86006BA989 /* Sources */ = {
			isa = PBXSourcesBuildPhase;
			buildActionMask = 2147483647;
			files = (
				6A388B041FE21D86006BA989 /* CryptoTableViewController.swift in Sources */,
				6A388B021FE21D86006BA989 /* AppDelegate.swift in Sources */,
				6A388B161FE2E8A6006BA989 /* CurrencyType.swift in Sources */,
				6A388B141FE2E832006BA989 /* CryptoTableViewCell.swift in Sources */,
			);
			runOnlyForDeploymentPostprocessing = 0;
		};
/* End PBXSourcesBuildPhase section */

/* Begin PBXVariantGroup section */
		6A388B051FE21D86006BA989 /* Main.storyboard */ = {
			isa = PBXVariantGroup;
			children = (
				6A388B061FE21D86006BA989 /* Base */,
			);
			name = Main.storyboard;
			sourceTree = "<group>";
		};
		6A388B0A1FE21D86006BA989 /* LaunchScreen.storyboard */ = {
			isa = PBXVariantGroup;
			children = (
				6A388B0B1FE21D86006BA989 /* Base */,
			);
			name = LaunchScreen.storyboard;
			sourceTree = "<group>";
		};
/* End PBXVariantGroup section */

/* Begin XCBuildConfiguration section */
		6A388B0E1FE21D86006BA989 /* Debug */ = {
			isa = XCBuildConfiguration;
			buildSettings = {
				ALWAYS_SEARCH_USER_PATHS = NO;
				CLANG_ANALYZER_NONNULL = YES;
				CLANG_ANALYZER_NUMBER_OBJECT_CONVERSION = YES_AGGRESSIVE;
				CLANG_CXX_LANGUAGE_STANDARD = "gnu++14";
				CLANG_CXX_LIBRARY = "libc++";
				CLANG_ENABLE_MODULES = YES;
				CLANG_ENABLE_OBJC_ARC = YES;
				CLANG_WARN_BLOCK_CAPTURE_AUTORELEASING = YES;
				CLANG_WARN_BOOL_CONVERSION = YES;
				CLANG_WARN_COMMA = YES;
				CLANG_WARN_CONSTANT_CONVERSION = YES;
				CLANG_WARN_DIRECT_OBJC_ISA_USAGE = YES_ERROR;
				CLANG_WARN_DOCUMENTATION_COMMENTS = YES;
				CLANG_WARN_EMPTY_BODY = YES;
				CLANG_WARN_ENUM_CONVERSION = YES;
				CLANG_WARN_INFINITE_RECURSION = YES;
				CLANG_WARN_INT_CONVERSION = YES;
				CLANG_WARN_NON_LITERAL_NULL_CONVERSION = YES;
				CLANG_WARN_OBJC_LITERAL_CONVERSION = YES;
				CLANG_WARN_OBJC_ROOT_CLASS = YES_ERROR;
				CLANG_WARN_RANGE_LOOP_ANALYSIS = YES;
				CLANG_WARN_STRICT_PROTOTYPES = YES;
				CLANG_WARN_SUSPICIOUS_MOVE = YES;
				CLANG_WARN_UNGUARDED_AVAILABILITY = YES_AGGRESSIVE;
				CLANG_WARN_UNREACHABLE_CODE = YES;
				CLANG_WARN__DUPLICATE_METHOD_MATCH = YES;
				CODE_SIGN_IDENTITY = "iPhone Developer";
				COPY_PHASE_STRIP = NO;
				DEBUG_INFORMATION_FORMAT = dwarf;
				ENABLE_STRICT_OBJC_MSGSEND = YES;
				ENABLE_TESTABILITY = YES;
				GCC_C_LANGUAGE_STANDARD = gnu11;
				GCC_DYNAMIC_NO_PIC = NO;
				GCC_NO_COMMON_BLOCKS = YES;
				GCC_OPTIMIZATION_LEVEL = 0;
				GCC_PREPROCESSOR_DEFINITIONS = (
					"DEBUG=1",
					"$(inherited)",
				);
				GCC_WARN_64_TO_32_BIT_CONVERSION = YES;
				GCC_WARN_ABOUT_RETURN_TYPE = YES_ERROR;
				GCC_WARN_UNDECLARED_SELECTOR = YES;
				GCC_WARN_UNINITIALIZED_AUTOS = YES_AGGRESSIVE;
				GCC_WARN_UNUSED_FUNCTION = YES;
				GCC_WARN_UNUSED_VARIABLE = YES;
				IPHONEOS_DEPLOYMENT_TARGET = 11.2;
				MTL_ENABLE_DEBUG_INFO = YES;
				ONLY_ACTIVE_ARCH = YES;
				SDKROOT = iphoneos;
				SWIFT_ACTIVE_COMPILATION_CONDITIONS = DEBUG;
				SWIFT_OPTIMIZATION_LEVEL = "-Onone";
			};
			name = Debug;
		};
		6A388B0F1FE21D86006BA989 /* Release */ = {
			isa = XCBuildConfiguration;
			buildSettings = {
				ALWAYS_SEARCH_USER_PATHS = NO;
				CLANG_ANALYZER_NONNULL = YES;
				CLANG_ANALYZER_NUMBER_OBJECT_CONVERSION = YES_AGGRESSIVE;
				CLANG_CXX_LANGUAGE_STANDARD = "gnu++14";
				CLANG_CXX_LIBRARY = "libc++";
				CLANG_ENABLE_MODULES = YES;
				CLANG_ENABLE_OBJC_ARC = YES;
				CLANG_WARN_BLOCK_CAPTURE_AUTORELEASING = YES;
				CLANG_WARN_BOOL_CONVERSION = YES;
				CLANG_WARN_COMMA = YES;
				CLANG_WARN_CONSTANT_CONVERSION = YES;
				CLANG_WARN_DIRECT_OBJC_ISA_USAGE = YES_ERROR;
				CLANG_WARN_DOCUMENTATION_COMMENTS = YES;
				CLANG_WARN_EMPTY_BODY = YES;
				CLANG_WARN_ENUM_CONVERSION = YES;
				CLANG_WARN_INFINITE_RECURSION = YES;
				CLANG_WARN_INT_CONVERSION = YES;
				CLANG_WARN_NON_LITERAL_NULL_CONVERSION = YES;
				CLANG_WARN_OBJC_LITERAL_CONVERSION = YES;
				CLANG_WARN_OBJC_ROOT_CLASS = YES_ERROR;
				CLANG_WARN_RANGE_LOOP_ANALYSIS = YES;
				CLANG_WARN_STRICT_PROTOTYPES = YES;
				CLANG_WARN_SUSPICIOUS_MOVE = YES;
				CLANG_WARN_UNGUARDED_AVAILABILITY = YES_AGGRESSIVE;
				CLANG_WARN_UNREACHABLE_CODE = YES;
				CLANG_WARN__DUPLICATE_METHOD_MATCH = YES;
				CODE_SIGN_IDENTITY = "iPhone Developer";
				COPY_PHASE_STRIP = NO;
				DEBUG_INFORMATION_FORMAT = "dwarf-with-dsym";
				ENABLE_NS_ASSERTIONS = NO;
				ENABLE_STRICT_OBJC_MSGSEND = YES;
				GCC_C_LANGUAGE_STANDARD = gnu11;
				GCC_NO_COMMON_BLOCKS = YES;
				GCC_WARN_64_TO_32_BIT_CONVERSION = YES;
				GCC_WARN_ABOUT_RETURN_TYPE = YES_ERROR;
				GCC_WARN_UNDECLARED_SELECTOR = YES;
				GCC_WARN_UNINITIALIZED_AUTOS = YES_AGGRESSIVE;
				GCC_WARN_UNUSED_FUNCTION = YES;
				GCC_WARN_UNUSED_VARIABLE = YES;
				IPHONEOS_DEPLOYMENT_TARGET = 11.2;
				MTL_ENABLE_DEBUG_INFO = NO;
				SDKROOT = iphoneos;
				SWIFT_OPTIMIZATION_LEVEL = "-Owholemodule";
				VALIDATE_PRODUCT = YES;
			};
			name = Release;
		};
		6A388B111FE21D86006BA989 /* Debug */ = {
			isa = XCBuildConfiguration;
			buildSettings = {
				ASSETCATALOG_COMPILER_APPICON_NAME = AppIcon;
				CODE_SIGN_STYLE = Automatic;
				DEVELOPMENT_TEAM = WM74Y4A96J;
				INFOPLIST_FILE = "$(SRCROOT)/CryptoTracker/Info.plist";
				LD_RUNPATH_SEARCH_PATHS = "$(inherited) @executable_path/Frameworks";
				PRODUCT_BUNDLE_IDENTIFIER = com.maxstein.CryptoTracker;
				PRODUCT_NAME = "$(TARGET_NAME)";
				SWIFT_VERSION = 4.0;
				TARGETED_DEVICE_FAMILY = "1,2";
			};
			name = Debug;
		};
		6A388B121FE21D86006BA989 /* Release */ = {
			isa = XCBuildConfiguration;
			buildSettings = {
				ASSETCATALOG_COMPILER_APPICON_NAME = AppIcon;
				CODE_SIGN_STYLE = Automatic;
				DEVELOPMENT_TEAM = WM74Y4A96J;
				INFOPLIST_FILE = "$(SRCROOT)/CryptoTracker/Info.plist";
				LD_RUNPATH_SEARCH_PATHS = "$(inherited) @executable_path/Frameworks";
				PRODUCT_BUNDLE_IDENTIFIER = com.maxstein.CryptoTracker;
				PRODUCT_NAME = "$(TARGET_NAME)";
				SWIFT_VERSION = 4.0;
				TARGETED_DEVICE_FAMILY = "1,2";
			};
			name = Release;
		};
/* End XCBuildConfiguration section */

/* Begin XCConfigurationList section */
		6A388AF91FE21D86006BA989 /* Build configuration list for PBXProject "CryptoTracker" */ = {
			isa = XCConfigurationList;
			buildConfigurations = (
				6A388B0E1FE21D86006BA989 /* Debug */,
				6A388B0F1FE21D86006BA989 /* Release */,
			);
			defaultConfigurationIsVisible = 0;
			defaultConfigurationName = Release;
		};
		6A388B101FE21D86006BA989 /* Build configuration list for PBXNativeTarget "CryptoTracker" */ = {
			isa = XCConfigurationList;
			buildConfigurations = (
				6A388B111FE21D86006BA989 /* Debug */,
				6A388B121FE21D86006BA989 /* Release */,
			);
			defaultConfigurationIsVisible = 0;
			defaultConfigurationName = Release;
		};
/* End XCConfigurationList section */
	};
	rootObject = 6A388AF61FE21D86006BA989 /* Project object */;
}
